
Microsoft Visual Studio Solution File, Format Version 12.00
# Visual Studio 2012
Project("{FAE04EC0-301F-11D3-BF4B-00C04F79EFBC}") = "FrequencyDictionary.App", "FrequencyDictionary.App\FrequencyDictionary.App.csproj", "{BA12AB79-36EC-4B1C-84A1-0584A120428F}"
EndProject
Project("{FAE04EC0-301F-11D3-BF4B-00C04F79EFBC}") = "TextMetrics.Core", "TextMetrics.Core\TextMetrics.Core.csproj", "{BC161687-F338-4246-98FD-CB7D8FCDD915}"
EndProject
Project("{FAE04EC0-301F-11D3-BF4B-00C04F79EFBC}") = "TextMetrics.Core.Test", "TextMetrics.Core.Test\TextMetrics.Core.Test.csproj", "{C1848E88-7450-4FD0-AFF2-65496510411F}"
EndProject
Global
	GlobalSection(SolutionConfigurationPlatforms) = preSolution
		Debug|Any CPU = Debug|Any CPU
		Release|Any CPU = Release|Any CPU
	EndGlobalSection
	GlobalSection(ProjectConfigurationPlatforms) = postSolution
		{BA12AB79-36EC-4B1C-84A1-0584A120428F}.Debug|Any CPU.ActiveCfg = Debug|Any CPU
		{BA12AB79-36EC-4B1C-84A1-0584A120428F}.Debug|Any CPU.Build.0 = Debug|Any CPU
		{BA12AB79-36EC-4B1C-84A1-0584A120428F}.Release|Any CPU.ActiveCfg = Release|Any CPU
		{BA12AB79-36EC-4B1C-84A1-0584A120428F}.Release|Any CPU.Build.0 = Release|Any CPU
		{BC161687-F338-4246-98FD-CB7D8FCDD915}.Debug|Any CPU.ActiveCfg = Debug|Any CPU
		{BC161687-F338-4246-98FD-CB7D8FCDD915}.Debug|Any CPU.Build.0 = Debug|Any CPU
		{BC161687-F338-4246-98FD-CB7D8FCDD915}.Release|Any CPU.ActiveCfg = Release|Any CPU
		{BC161687-F338-4246-98FD-CB7D8FCDD915}.Release|Any CPU.Build.0 = Release|Any CPU
		{C1848E88-7450-4FD0-AFF2-65496510411F}.Debug|Any CPU.ActiveCfg = Debug|Any CPU
		{C1848E88-7450-4FD0-AFF2-65496510411F}.Debug|Any CPU.Build.0 = Debug|Any CPU
		{C1848E88-7450-4FD0-AFF2-65496510411F}.Release|Any CPU.ActiveCfg = Release|Any CPU
		{C1848E88-7450-4FD0-AFF2-65496510411F}.Release|Any CPU.Build.0 = Release|Any CPU
	EndGlobalSection
	GlobalSection(SolutionProperties) = preSolution
		HideSolutionNode = FALSE
	EndGlobalSection
EndGlobal
